
Microsoft Visual Studio Solution File, Format Version 12.00
# Visual Studio Version 16
VisualStudioVersion = 16.0.29609.76
MinimumVisualStudioVersion = 10.0.40219.1
Project("{FAE04EC0-301F-11D3-BF4B-00C04F79EFBC}") = "AdoWinFormsLAB15_CodeFirst1", "AdoWinFormsLAB15_CodeFirst1\AdoWinFormsLAB15_CodeFirst1.csproj", "{D7321922-CBD5-425B-9343-4BD67C38C7EC}"
EndProject
Global
	GlobalSection(SolutionConfigurationPlatforms) = preSolution
		Debug|Any CPU = Debug|Any CPU
		Release|Any CPU = Release|Any CPU
	EndGlobalSection
	GlobalSection(ProjectConfigurationPlatforms) = postSolution
		{D7321922-CBD5-425B-9343-4BD67C38C7EC}.Debug|Any CPU.ActiveCfg = Debug|Any CPU
		{D7321922-CBD5-425B-9343-4BD67C38C7EC}.Debug|Any CPU.Build.0 = Debug|Any CPU
		{D7321922-CBD5-425B-9343-4BD67C38C7EC}.Release|Any CPU.ActiveCfg = Release|Any CPU
		{D7321922-CBD5-425B-9343-4BD67C38C7EC}.Release|Any CPU.Build.0 = Release|Any CPU
	EndGlobalSection
	GlobalSection(SolutionProperties) = preSolution
		HideSolutionNode = FALSE
	EndGlobalSection
	GlobalSection(ExtensibilityGlobals) = postSolution
		SolutionGuid = {1B052E77-F22A-4D3E-9514-9A64A9AEED4C}
	EndGlobalSection
EndGlobal
